
Microsoft Visual Studio Solution File, Format Version 12.00
# Visual Studio Version 17
VisualStudioVersion = 17.11.35201.85
MinimumVisualStudioVersion = 10.0.40219.1
Project("{2150E333-8FDC-42A3-9474-1A3956D46DE8}") = "ShopManagment", "ShopManagment", "{B1CB6CA1-F72E-4159-AF2D-B04E41ED171F}"
EndProject
Project("{2150E333-8FDC-42A3-9474-1A3956D46DE8}") = "SM.Domain", "SM.Domain", "{4AFC2AE4-86BE-4EC5-853C-0D1D21210DAE}"
EndProject
Project("{9A19103F-16F7-4668-BE54-9A1E7A4F7556}") = "ShopManagement.Domain", "ShopManagement.Domain\ShopManagement.Domain.csproj", "{51EF17A6-65C3-47EF-86E0-EC02BE85F84C}"
EndProject
Project("{9A19103F-16F7-4668-BE54-9A1E7A4F7556}") = "0_FrameWork", "0_FrameWork\0_FrameWork.csproj", "{5C83CBD1-8E7B-4D03-ADF1-203F5903AFE8}"
EndProject
Project("{2150E333-8FDC-42A3-9474-1A3956D46DE8}") = "SM.Application", "SM.Application", "{986B5C18-6884-432A-9DB6-4D25E6B804B1}"
EndProject
Project("{9A19103F-16F7-4668-BE54-9A1E7A4F7556}") = "ShopManagement.Application.Contracts", "ShopManagementApplication.Contracts\ShopManagement.Application.Contracts.csproj", "{D7D29030-D471-4AC3-B5A6-655806AEA70F}"
EndProject
Project("{FAE04EC0-301F-11D3-BF4B-00C04F79EFBC}") = "Sm.Application", "Sm.Application\Sm.Application.csproj", "{5DF2339D-22D4-4E3F-9176-0B0E1C2A6056}"
EndProject
Global
	GlobalSection(SolutionConfigurationPlatforms) = preSolution
		Debug|Any CPU = Debug|Any CPU
		Release|Any CPU = Release|Any CPU
	EndGlobalSection
	GlobalSection(ProjectConfigurationPlatforms) = postSolution
		{51EF17A6-65C3-47EF-86E0-EC02BE85F84C}.Debug|Any CPU.ActiveCfg = Debug|Any CPU
		{51EF17A6-65C3-47EF-86E0-EC02BE85F84C}.Debug|Any CPU.Build.0 = Debug|Any CPU
		{51EF17A6-65C3-47EF-86E0-EC02BE85F84C}.Release|Any CPU.ActiveCfg = Release|Any CPU
		{51EF17A6-65C3-47EF-86E0-EC02BE85F84C}.Release|Any CPU.Build.0 = Release|Any CPU
		{5C83CBD1-8E7B-4D03-ADF1-203F5903AFE8}.Debug|Any CPU.ActiveCfg = Debug|Any CPU
		{5C83CBD1-8E7B-4D03-ADF1-203F5903AFE8}.Debug|Any CPU.Build.0 = Debug|Any CPU
		{5C83CBD1-8E7B-4D03-ADF1-203F5903AFE8}.Release|Any CPU.ActiveCfg = Release|Any CPU
		{5C83CBD1-8E7B-4D03-ADF1-203F5903AFE8}.Release|Any CPU.Build.0 = Release|Any CPU
		{D7D29030-D471-4AC3-B5A6-655806AEA70F}.Debug|Any CPU.ActiveCfg = Debug|Any CPU
		{D7D29030-D471-4AC3-B5A6-655806AEA70F}.Debug|Any CPU.Build.0 = Debug|Any CPU
		{D7D29030-D471-4AC3-B5A6-655806AEA70F}.Release|Any CPU.ActiveCfg = Release|Any CPU
		{D7D29030-D471-4AC3-B5A6-655806AEA70F}.Release|Any CPU.Build.0 = Release|Any CPU
		{5DF2339D-22D4-4E3F-9176-0B0E1C2A6056}.Debug|Any CPU.ActiveCfg = Debug|Any CPU
		{5DF2339D-22D4-4E3F-9176-0B0E1C2A6056}.Debug|Any CPU.Build.0 = Debug|Any CPU
		{5DF2339D-22D4-4E3F-9176-0B0E1C2A6056}.Release|Any CPU.ActiveCfg = Release|Any CPU
		{5DF2339D-22D4-4E3F-9176-0B0E1C2A6056}.Release|Any CPU.Build.0 = Release|Any CPU
	EndGlobalSection
	GlobalSection(SolutionProperties) = preSolution
		HideSolutionNode = FALSE
	EndGlobalSection
	GlobalSection(NestedProjects) = preSolution
		{4AFC2AE4-86BE-4EC5-853C-0D1D21210DAE} = {B1CB6CA1-F72E-4159-AF2D-B04E41ED171F}
		{51EF17A6-65C3-47EF-86E0-EC02BE85F84C} = {4AFC2AE4-86BE-4EC5-853C-0D1D21210DAE}
		{5C83CBD1-8E7B-4D03-ADF1-203F5903AFE8} = {B1CB6CA1-F72E-4159-AF2D-B04E41ED171F}
		{986B5C18-6884-432A-9DB6-4D25E6B804B1} = {B1CB6CA1-F72E-4159-AF2D-B04E41ED171F}
		{D7D29030-D471-4AC3-B5A6-655806AEA70F} = {986B5C18-6884-432A-9DB6-4D25E6B804B1}
		{5DF2339D-22D4-4E3F-9176-0B0E1C2A6056} = {986B5C18-6884-432A-9DB6-4D25E6B804B1}
	EndGlobalSection
	GlobalSection(ExtensibilityGlobals) = postSolution
		SolutionGuid = {4B64D236-23A2-4832-94E7-495200EED813}
	EndGlobalSection
EndGlobal
